
Microsoft Visual Studio Solution File, Format Version 12.00
# Visual Studio 15
Project("{FAE04EC0-301F-11D3-BF4B-00C04F79EFBC}") = "NG_Core_Auth", "NG_Core_Auth.csproj", "{BC3EBC43-6081-4B24-910F-37645CEFEC8C}"
EndProject
Global
	GlobalSection(SolutionConfigurationPlatforms) = preSolution
		Debug|Any CPU = Debug|Any CPU
		Release|Any CPU = Release|Any CPU
	EndGlobalSection
	GlobalSection(ProjectConfigurationPlatforms) = postSolution
		{BC3EBC43-6081-4B24-910F-37645CEFEC8C}.Debug|Any CPU.ActiveCfg = Debug|Any CPU
		{BC3EBC43-6081-4B24-910F-37645CEFEC8C}.Debug|Any CPU.Build.0 = Debug|Any CPU
		{BC3EBC43-6081-4B24-910F-37645CEFEC8C}.Release|Any CPU.ActiveCfg = Release|Any CPU
		{BC3EBC43-6081-4B24-910F-37645CEFEC8C}.Release|Any CPU.Build.0 = Release|Any CPU
	EndGlobalSection
EndGlobal
